
Microsoft Visual Studio Solution File, Format Version 12.00
# Visual Studio Version 17
VisualStudioVersion = 17.3.32901.215
MinimumVisualStudioVersion = 10.0.40219.1
Project("{8BC9CEB8-8B4A-11D0-8D11-00A0C91BC942}") = "Vector4", "Vector4\Vector4.vcxproj", "{9BE1CE78-3710-4DE0-BDAA-90275458896B}"
EndProject
Global
	GlobalSection(SolutionConfigurationPlatforms) = preSolution
		Debug|x64 = Debug|x64
		Debug|x86 = Debug|x86
		Release|x64 = Release|x64
		Release|x86 = Release|x86
	EndGlobalSection
	GlobalSection(ProjectConfigurationPlatforms) = postSolution
		{9BE1CE78-3710-4DE0-BDAA-90275458896B}.Debug|x64.ActiveCfg = Debug|x64
		{9BE1CE78-3710-4DE0-BDAA-90275458896B}.Debug|x64.Build.0 = Debug|x64
		{9BE1CE78-3710-4DE0-BDAA-90275458896B}.Debug|x86.ActiveCfg = Debug|Win32
		{9BE1CE78-3710-4DE0-BDAA-90275458896B}.Debug|x86.Build.0 = Debug|Win32
		{9BE1CE78-3710-4DE0-BDAA-90275458896B}.Release|x64.ActiveCfg = Release|x64
		{9BE1CE78-3710-4DE0-BDAA-90275458896B}.Release|x64.Build.0 = Release|x64
		{9BE1CE78-3710-4DE0-BDAA-90275458896B}.Release|x86.ActiveCfg = Release|Win32
		{9BE1CE78-3710-4DE0-BDAA-90275458896B}.Release|x86.Build.0 = Release|Win32
	EndGlobalSection
	GlobalSection(SolutionProperties) = preSolution
		HideSolutionNode = FALSE
	EndGlobalSection
	GlobalSection(ExtensibilityGlobals) = postSolution
		SolutionGuid = {655534D4-1F99-4AF2-A2F7-6B617CFE5296}
	EndGlobalSection
EndGlobal
