
Microsoft Visual Studio Solution File, Format Version 12.00
# Visual Studio Version 17
VisualStudioVersion = 17.3.32901.215
MinimumVisualStudioVersion = 10.0.40219.1
Project("{8BC9CEB8-8B4A-11D0-8D11-00A0C91BC942}") = "Vector4Correction", "Vector4Correction\Vector4Correction.vcxproj", "{0993BCC3-99F7-4585-BCD8-3D9E0887DFEB}"
EndProject
Global
	GlobalSection(SolutionConfigurationPlatforms) = preSolution
		Debug|x64 = Debug|x64
		Debug|x86 = Debug|x86
		Release|x64 = Release|x64
		Release|x86 = Release|x86
	EndGlobalSection
	GlobalSection(ProjectConfigurationPlatforms) = postSolution
		{0993BCC3-99F7-4585-BCD8-3D9E0887DFEB}.Debug|x64.ActiveCfg = Debug|x64
		{0993BCC3-99F7-4585-BCD8-3D9E0887DFEB}.Debug|x64.Build.0 = Debug|x64
		{0993BCC3-99F7-4585-BCD8-3D9E0887DFEB}.Debug|x86.ActiveCfg = Debug|Win32
		{0993BCC3-99F7-4585-BCD8-3D9E0887DFEB}.Debug|x86.Build.0 = Debug|Win32
		{0993BCC3-99F7-4585-BCD8-3D9E0887DFEB}.Release|x64.ActiveCfg = Release|x64
		{0993BCC3-99F7-4585-BCD8-3D9E0887DFEB}.Release|x64.Build.0 = Release|x64
		{0993BCC3-99F7-4585-BCD8-3D9E0887DFEB}.Release|x86.ActiveCfg = Release|Win32
		{0993BCC3-99F7-4585-BCD8-3D9E0887DFEB}.Release|x86.Build.0 = Release|Win32
	EndGlobalSection
	GlobalSection(SolutionProperties) = preSolution
		HideSolutionNode = FALSE
	EndGlobalSection
	GlobalSection(ExtensibilityGlobals) = postSolution
		SolutionGuid = {7508879E-C159-4B31-8319-6B0C134C291C}
	EndGlobalSection
EndGlobal
